// !$*UTF8*$!
{
	archiveVersion = 1;
	classes = {
	};
	objectVersion = 46;
	objects = {

/* Begin PBXBuildFile section */
		A1CB11A61AD75D5E00003295 /* main.m in Sources */ = {isa = PBXBuildFile; fileRef = A1CB11A51AD75D5E00003295 /* main.m */; };
		A1CB11A91AD75D5E00003295 /* AppDelegate.m in Sources */ = {isa = PBXBuildFile; fileRef = A1CB11A81AD75D5E00003295 /* AppDelegate.m */; };
		A1CB11AC1AD75D5E00003295 /* ViewController.m in Sources */ = {isa = PBXBuildFile; fileRef = A1CB11AB1AD75D5E00003295 /* ViewController.m */; };
		A1CB11AF1AD75D5E00003295 /* Main.storyboard in Resources */ = {isa = PBXBuildFile; fileRef = A1CB11AD1AD75D5E00003295 /* Main.storyboard */; };
		A1CB11B11AD75D5E00003295 /* Images.xcassets in Resources */ = {isa = PBXBuildFile; fileRef = A1CB11B01AD75D5E00003295 /* Images.xcassets */; };
		A1CB11B41AD75D5E00003295 /* LaunchScreen.xib in Resources */ = {isa = PBXBuildFile; fileRef = A1CB11B21AD75D5E00003295 /* LaunchScreen.xib */; };
		A1CB11C01AD75D5F00003295 /* ____Tests.m in Sources */ = {isa = PBXBuildFile; fileRef = A1CB11BF1AD75D5F00003295 /* ____Tests.m */; };
		A1CB11CB1AD75E0B00003295 /* DrawView.m in Sources */ = {isa = PBXBuildFile; fileRef = A1CB11CA1AD75E0B00003295 /* DrawView.m */; };
		A1CB11CE1AD75E4C00003295 /* DrawLine.m in Sources */ = {isa = PBXBuildFile; fileRef = A1CB11CD1AD75E4C00003295 /* DrawLine.m */; };
/* End PBXBuildFile section */

/* Begin PBXContainerItemProxy section */
		A1CB11BA1AD75D5F00003295 /* PBXContainerItemProxy */ = {
			isa = PBXContainerItemProxy;
			containerPortal = A1CB11981AD75D5E00003295 /* Project object */;
			proxyType = 1;
			remoteGlobalIDString = A1CB119F1AD75D5E00003295;
			remoteInfo = "涂鸦画线";
		};
/* End PBXContainerItemProxy section */

/* Begin PBXFileReference section */
		A1CB11A01AD75D5E00003295 /* 涂鸦画线.app */ = {isa = PBXFileReference; explicitFileType = wrapper.application; includeInIndex = 0; path = "涂鸦画线.app"; sourceTree = BUILT_PRODUCTS_DIR; };
		A1CB11A41AD75D5E00003295 /* Info.plist */ = {isa = PBXFileReference; lastKnownFileType = text.plist.xml; path = Info.plist; sourceTree = "<group>"; };
		A1CB11A51AD75D5E00003295 /* main.m */ = {isa = PBXFileReference; lastKnownFileType = sourcecode.c.objc; path = main.m; sourceTree = "<group>"; };
		A1CB11A71AD75D5E00003295 /* AppDelegate.h */ = {isa = PBXFileReference; lastKnownFileType = sourcecode.c.h; path = AppDelegate.h; sourceTree = "<group>"; };
		A1CB11A81AD75D5E00003295 /* AppDelegate.m */ = {isa = PBXFileReference; lastKnownFileType = sourcecode.c.objc; path = AppDelegate.m; sourceTree = "<group>"; };
		A1CB11AA1AD75D5E00003295 /* ViewController.h */ = {isa = PBXFileReference; lastKnownFileType = sourcecode.c.h; path = ViewController.h; sourceTree = "<group>"; };
		A1CB11AB1AD75D5E00003295 /* ViewController.m */ = {isa = PBXFileReference; lastKnownFileType = sourcecode.c.objc; path = ViewController.m; sourceTree = "<group>"; };
		A1CB11AE1AD75D5E00003295 /* Base */ = {isa = PBXFileReference; lastKnownFileType = file.storyboard; name = Base; path = Base.lproj/Main.storyboard; sourceTree = "<group>"; };
		A1CB11B01AD75D5E00003295 /* Images.xcassets */ = {isa = PBXFileReference; lastKnownFileType = folder.assetcatalog; path = Images.xcassets; sourceTree = "<group>"; };
		A1CB11B31AD75D5E00003295 /* Base */ = {isa = PBXFileReference; lastKnownFileType = file.xib; name = Base; path = Base.lproj/LaunchScreen.xib; sourceTree = "<group>"; };
		A1CB11B91AD75D5F00003295 /* 涂鸦画线Tests.xctest */ = {isa = PBXFileReference; explicitFileType = wrapper.cfbundle; includeInIndex = 0; path = "涂鸦画线Tests.xctest"; sourceTree = BUILT_PRODUCTS_DIR; };
		A1CB11BE1AD75D5F00003295 /* Info.plist */ = {isa = PBXFileReference; lastKnownFileType = text.plist.xml; path = Info.plist; sourceTree = "<group>"; };
		A1CB11BF1AD75D5F00003295 /* ____Tests.m */ = {isa = PBXFileReference; lastKnownFileType = sourcecode.c.objc; path = "____Tests.m"; sourceTree = "<group>"; };
		A1CB11C91AD75E0B00003295 /* DrawView.h */ = {isa = PBXFileReference; fileEncoding = 4; lastKnownFileType = sourcecode.c.h; path = DrawView.h; sourceTree = "<group>"; };
		A1CB11CA1AD75E0B00003295 /* DrawView.m */ = {isa = PBXFileReference; fileEncoding = 4; lastKnownFileType = sourcecode.c.objc; path = DrawView.m; sourceTree = "<group>"; };
		A1CB11CC1AD75E4C00003295 /* DrawLine.h */ = {isa = PBXFileReference; fileEncoding = 4; lastKnownFileType = sourcecode.c.h; path = DrawLine.h; sourceTree = "<group>"; };
		A1CB11CD1AD75E4C00003295 /* DrawLine.m */ = {isa = PBXFileReference; fileEncoding = 4; lastKnownFileType = sourcecode.c.objc; path = DrawLine.m; sourceTree = "<group>"; };
/* End PBXFileReference section */

/* Begin PBXFrameworksBuildPhase section */
		A1CB119D1AD75D5E00003295 /* Frameworks */ = {
			isa = PBXFrameworksBuildPhase;
			buildActionMask = 2147483647;
			files = (
			);
			runOnlyForDeploymentPostprocessing = 0;
		};
		A1CB11B61AD75D5F00003295 /* Frameworks */ = {
			isa = PBXFrameworksBuildPhase;
			buildActionMask = 2147483647;
			files = (
			);
			runOnlyForDeploymentPostprocessing = 0;
		};
/* End PBXFrameworksBuildPhase section */

/* Begin PBXGroup section */
		A1CB11971AD75D5E00003295 = {
			isa = PBXGroup;
			children = (
				A1CB11A21AD75D5E00003295 /* 涂鸦画线 */,
				A1CB11BC1AD75D5F00003295 /* 涂鸦画线Tests */,
				A1CB11A11AD75D5E00003295 /* Products */,
			);
			sourceTree = "<group>";
		};
		A1CB11A11AD75D5E00003295 /* Products */ = {
			isa = PBXGroup;
			children = (
				A1CB11A01AD75D5E00003295 /* 涂鸦画线.app */,
				A1CB11B91AD75D5F00003295 /* 涂鸦画线Tests.xctest */,
			);
			name = Products;
			sourceTree = "<group>";
		};
		A1CB11A21AD75D5E00003295 /* 涂鸦画线 */ = {
			isa = PBXGroup;
			children = (
				A1CB11A71AD75D5E00003295 /* AppDelegate.h */,
				A1CB11A81AD75D5E00003295 /* AppDelegate.m */,
				A1CB11AA1AD75D5E00003295 /* ViewController.h */,
				A1CB11AB1AD75D5E00003295 /* ViewController.m */,
				A1CB11AD1AD75D5E00003295 /* Main.storyboard */,
				A1CB11B01AD75D5E00003295 /* Images.xcassets */,
				A1CB11B21AD75D5E00003295 /* LaunchScreen.xib */,
				A1CB11A31AD75D5E00003295 /* Supporting Files */,
				A1CB11C91AD75E0B00003295 /* DrawView.h */,
				A1CB11CA1AD75E0B00003295 /* DrawView.m */,
				A1CB11CC1AD75E4C00003295 /* DrawLine.h */,
				A1CB11CD1AD75E4C00003295 /* DrawLine.m */,
			);
			path = "涂鸦画线";
			sourceTree = "<group>";
		};
		A1CB11A31AD75D5E00003295 /* Supporting Files */ = {
			isa = PBXGroup;
			children = (
				A1CB11A41AD75D5E00003295 /* Info.plist */,
				A1CB11A51AD75D5E00003295 /* main.m */,
			);
			name = "Supporting Files";
			sourceTree = "<group>";
		};
		A1CB11BC1AD75D5F00003295 /* 涂鸦画线Tests */ = {
			isa = PBXGroup;
			children = (
				A1CB11BF1AD75D5F00003295 /* ____Tests.m */,
				A1CB11BD1AD75D5F00003295 /* Supporting Files */,
			);
			path = "涂鸦画线Tests";
			sourceTree = "<group>";
		};
		A1CB11BD1AD75D5F00003295 /* Supporting Files */ = {
			isa = PBXGroup;
			children = (
				A1CB11BE1AD75D5F00003295 /* Info.plist */,
			);
			name = "Supporting Files";
			sourceTree = "<group>";
		};
/* End PBXGroup section */

/* Begin PBXNativeTarget section */
		A1CB119F1AD75D5E00003295 /* 涂鸦画线 */ = {
			isa = PBXNativeTarget;
			buildConfigurationList = A1CB11C31AD75D5F00003295 /* Build configuration list for PBXNativeTarget "涂鸦画线" */;
			buildPhases = (
				A1CB119C1AD75D5E00003295 /* Sources */,
				A1CB119D1AD75D5E00003295 /* Frameworks */,
				A1CB119E1AD75D5E00003295 /* Resources */,
			);
			buildRules = (
			);
			dependencies = (
			);
			name = "涂鸦画线";
			productName = "涂鸦画线";
			productReference = A1CB11A01AD75D5E00003295 /* 涂鸦画线.app */;
			productType = "com.apple.product-type.application";
		};
		A1CB11B81AD75D5F00003295 /* 涂鸦画线Tests */ = {
			isa = PBXNativeTarget;
			buildConfigurationList = A1CB11C61AD75D5F00003295 /* Build configuration list for PBXNativeTarget "涂鸦画线Tests" */;
			buildPhases = (
				A1CB11B51AD75D5F00003295 /* Sources */,
				A1CB11B61AD75D5F00003295 /* Frameworks */,
				A1CB11B71AD75D5F00003295 /* Resources */,
			);
			buildRules = (
			);
			dependencies = (
				A1CB11BB1AD75D5F00003295 /* PBXTargetDependency */,
			);
			name = "涂鸦画线Tests";
			productName = "涂鸦画线Tests";
			productReference = A1CB11B91AD75D5F00003295 /* 涂鸦画线Tests.xctest */;
			productType = "com.apple.product-type.bundle.unit-test";
		};
/* End PBXNativeTarget section */

/* Begin PBXProject section */
		A1CB11981AD75D5E00003295 /* Project object */ = {
			isa = PBXProject;
			attributes = {
				LastUpgradeCheck = 0610;
				ORGANIZATIONNAME = "andy ";
				TargetAttributes = {
					A1CB119F1AD75D5E00003295 = {
						CreatedOnToolsVersion = 6.1.1;
					};
					A1CB11B81AD75D5F00003295 = {
						CreatedOnToolsVersion = 6.1.1;
						TestTargetID = A1CB119F1AD75D5E00003295;
					};
				};
			};
			buildConfigurationList = A1CB119B1AD75D5E00003295 /* Build configuration list for PBXProject "涂鸦画线" */;
			compatibilityVersion = "Xcode 3.2";
			developmentRegion = English;
			hasScannedForEncodings = 0;
			knownRegions = (
				en,
				Base,
			);
			mainGroup = A1CB11971AD75D5E00003295;
			productRefGroup = A1CB11A11AD75D5E00003295 /* Products */;
			projectDirPath = "";
			projectRoot = "";
			targets = (
				A1CB119F1AD75D5E00003295 /* 涂鸦画线 */,
				A1CB11B81AD75D5F00003295 /* 涂鸦画线Tests */,
			);
		};
/* End PBXProject section */

/* Begin PBXResourcesBuildPhase section */
		A1CB119E1AD75D5E00003295 /* Resources */ = {
			isa = PBXResourcesBuildPhase;
			buildActionMask = 2147483647;
			files = (
				A1CB11AF1AD75D5E00003295 /* Main.storyboard in Resources */,
				A1CB11B41AD75D5E00003295 /* LaunchScreen.xib in Resources */,
				A1CB11B11AD75D5E00003295 /* Images.xcassets in Resources */,
			);
			runOnlyForDeploymentPostprocessing = 0;
		};
		A1CB11B71AD75D5F00003295 /* Resources */ = {
			isa = PBXResourcesBuildPhase;
			buildActionMask = 2147483647;
			files = (
			);
			runOnlyForDeploymentPostprocessing = 0;
		};
/* End PBXResourcesBuildPhase section */

/* Begin PBXSourcesBuildPhase section */
		A1CB119C1AD75D5E00003295 /* Sources */ = {
			isa = PBXSourcesBuildPhase;
			buildActionMask = 2147483647;
			files = (
				A1CB11AC1AD75D5E00003295 /* ViewController.m in Sources */,
				A1CB11A91AD75D5E00003295 /* AppDelegate.m in Sources */,
				A1CB11CB1AD75E0B00003295 /* DrawView.m in Sources */,
				A1CB11A61AD75D5E00003295 /* main.m in Sources */,
				A1CB11CE1AD75E4C00003295 /* DrawLine.m in Sources */,
			);
			runOnlyForDeploymentPostprocessing = 0;
		};
		A1CB11B51AD75D5F00003295 /* Sources */ = {
			isa = PBXSourcesBuildPhase;
			buildActionMask = 2147483647;
			files = (
				A1CB11C01AD75D5F00003295 /* ____Tests.m in Sources */,
			);
			runOnlyForDeploymentPostprocessing = 0;
		};
/* End PBXSourcesBuildPhase section */

/* Begin PBXTargetDependency section */
		A1CB11BB1AD75D5F00003295 /* PBXTargetDependency */ = {
			isa = PBXTargetDependency;
			target = A1CB119F1AD75D5E00003295 /* 涂鸦画线 */;
			targetProxy = A1CB11BA1AD75D5F00003295 /* PBXContainerItemProxy */;
		};
/* End PBXTargetDependency section */

/* Begin PBXVariantGroup section */
		A1CB11AD1AD75D5E00003295 /* Main.storyboard */ = {
			isa = PBXVariantGroup;
			children = (
				A1CB11AE1AD75D5E00003295 /* Base */,
			);
			name = Main.storyboard;
			sourceTree = "<group>";
		};
		A1CB11B21AD75D5E00003295 /* LaunchScreen.xib */ = {
			isa = PBXVariantGroup;
			children = (
				A1CB11B31AD75D5E00003295 /* Base */,
			);
			name = LaunchScreen.xib;
			sourceTree = "<group>";
		};
/* End PBXVariantGroup section */

/* Begin XCBuildConfiguration section */
		A1CB11C11AD75D5F00003295 /* Debug */ = {
			isa = XCBuildConfiguration;
			buildSettings = {
				ALWAYS_SEARCH_USER_PATHS = NO;
				CLANG_CXX_LANGUAGE_STANDARD = "gnu++0x";
				CLANG_CXX_LIBRARY = "libc++";
				CLANG_ENABLE_MODULES = YES;
				CLANG_ENABLE_OBJC_ARC = YES;
				CLANG_WARN_BOOL_CONVERSION = YES;
				CLANG_WARN_CONSTANT_CONVERSION = YES;
				CLANG_WARN_DIRECT_OBJC_ISA_USAGE = YES_ERROR;
				CLANG_WARN_EMPTY_BODY = YES;
				CLANG_WARN_ENUM_CONVERSION = YES;
				CLANG_WARN_INT_CONVERSION = YES;
				CLANG_WARN_OBJC_ROOT_CLASS = YES_ERROR;
				CLANG_WARN_UNREACHABLE_CODE = YES;
				CLANG_WARN__DUPLICATE_METHOD_MATCH = YES;
				"CODE_SIGN_IDENTITY[sdk=iphoneos*]" = "iPhone Developer";
				COPY_PHASE_STRIP = NO;
				ENABLE_STRICT_OBJC_MSGSEND = YES;
				GCC_C_LANGUAGE_STANDARD = gnu99;
				GCC_DYNAMIC_NO_PIC = NO;
				GCC_OPTIMIZATION_LEVEL = 0;
				GCC_PREPROCESSOR_DEFINITIONS = (
					"DEBUG=1",
					"$(inherited)",
				);
				GCC_SYMBOLS_PRIVATE_EXTERN = NO;
				GCC_WARN_64_TO_32_BIT_CONVERSION = YES;
				GCC_WARN_ABOUT_RETURN_TYPE = YES_ERROR;
				GCC_WARN_UNDECLARED_SELECTOR = YES;
				GCC_WARN_UNINITIALIZED_AUTOS = YES_AGGRESSIVE;
				GCC_WARN_UNUSED_FUNCTION = YES;
				GCC_WARN_UNUSED_VARIABLE = YES;
				IPHONEOS_DEPLOYMENT_TARGET = 8.1;
				MTL_ENABLE_DEBUG_INFO = YES;
				ONLY_ACTIVE_ARCH = YES;
				SDKROOT = iphoneos;
			};
			name = Debug;
		};
		A1CB11C21AD75D5F00003295 /* Release */ = {
			isa = XCBuildConfiguration;
			buildSettings = {
				ALWAYS_SEARCH_USER_PATHS = NO;
				CLANG_CXX_LANGUAGE_STANDARD = "gnu++0x";
				CLANG_CXX_LIBRARY = "libc++";
				CLANG_ENABLE_MODULES = YES;
				CLANG_ENABLE_OBJC_ARC = YES;
				CLANG_WARN_BOOL_CONVERSION = YES;
				CLANG_WARN_CONSTANT_CONVERSION = YES;
				CLANG_WARN_DIRECT_OBJC_ISA_USAGE = YES_ERROR;
				CLANG_WARN_EMPTY_BODY = YES;
				CLANG_WARN_ENUM_CONVERSION = YES;
				CLANG_WARN_INT_CONVERSION = YES;
				CLANG_WARN_OBJC_ROOT_CLASS = YES_ERROR;
				CLANG_WARN_UNREACHABLE_CODE = YES;
				CLANG_WARN__DUPLICATE_METHOD_MATCH = YES;
				"CODE_SIGN_IDENTITY[sdk=iphoneos*]" = "iPhone Developer";
				COPY_PHASE_STRIP = YES;
				ENABLE_NS_ASSERTIONS = NO;
				ENABLE_STRICT_OBJC_MSGSEND = YES;
				GCC_C_LANGUAGE_STANDARD = gnu99;
				GCC_WARN_64_TO_32_BIT_CONVERSION = YES;
				GCC_WARN_ABOUT_RETURN_TYPE = YES_ERROR;
				GCC_WARN_UNDECLARED_SELECTOR = YES;
				GCC_WARN_UNINITIALIZED_AUTOS = YES_AGGRESSIVE;
				GCC_WARN_UNUSED_FUNCTION = YES;
				GCC_WARN_UNUSED_VARIABLE = YES;
				IPHONEOS_DEPLOYMENT_TARGET = 8.1;
				MTL_ENABLE_DEBUG_INFO = NO;
				SDKROOT = iphoneos;
				VALIDATE_PRODUCT = YES;
			};
			name = Release;
		};
		A1CB11C41AD75D5F00003295 /* Debug */ = {
			isa = XCBuildConfiguration;
			buildSettings = {
				ASSETCATALOG_COMPILER_APPICON_NAME = AppIcon;
				INFOPLIST_FILE = "涂鸦画线/Info.plist";
				LD_RUNPATH_SEARCH_PATHS = "$(inherited) @executable_path/Frameworks";
				PRODUCT_NAME = "$(TARGET_NAME)";
			};
			name = Debug;
		};
		A1CB11C51AD75D5F00003295 /* Release */ = {
			isa = XCBuildConfiguration;
			buildSettings = {
				ASSETCATALOG_COMPILER_APPICON_NAME = AppIcon;
				INFOPLIST_FILE = "涂鸦画线/Info.plist";
				LD_RUNPATH_SEARCH_PATHS = "$(inherited) @executable_path/Frameworks";
				PRODUCT_NAME = "$(TARGET_NAME)";
			};
			name = Release;
		};
		A1CB11C71AD75D5F00003295 /* Debug */ = {
			isa = XCBuildConfiguration;
			buildSettings = {
				BUNDLE_LOADER = "$(TEST_HOST)";
				FRAMEWORK_SEARCH_PATHS = (
					"$(SDKROOT)/Developer/Library/Frameworks",
					"$(inherited)",
				);
				GCC_PREPROCESSOR_DEFINITIONS = (
					"DEBUG=1",
					"$(inherited)",
				);
				INFOPLIST_FILE = "涂鸦画线Tests/Info.plist";
				LD_RUNPATH_SEARCH_PATHS = "$(inherited) @executable_path/Frameworks @loader_path/Frameworks";
				PRODUCT_NAME = "$(TARGET_NAME)";
				TEST_HOST = "$(BUILT_PRODUCTS_DIR)/涂鸦画线.app/涂鸦画线";
			};
			name = Debug;
		};
		A1CB11C81AD75D5F00003295 /* Release */ = {
			isa = XCBuildConfiguration;
			buildSettings = {
				BUNDLE_LOADER = "$(TEST_HOST)";
				FRAMEWORK_SEARCH_PATHS = (
					"$(SDKROOT)/Developer/Library/Frameworks",
					"$(inherited)",
				);
				INFOPLIST_FILE = "涂鸦画线Tests/Info.plist";
				LD_RUNPATH_SEARCH_PATHS = "$(inherited) @executable_path/Frameworks @loader_path/Frameworks";
				PRODUCT_NAME = "$(TARGET_NAME)";
				TEST_HOST = "$(BUILT_PRODUCTS_DIR)/涂鸦画线.app/涂鸦画线";
			};
			name = Release;
		};
/* End XCBuildConfiguration section */

/* Begin XCConfigurationList section */
		A1CB119B1AD75D5E00003295 /* Build configuration list for PBXProject "涂鸦画线" */ = {
			isa = XCConfigurationList;
			buildConfigurations = (
				A1CB11C11AD75D5F00003295 /* Debug */,
				A1CB11C21AD75D5F00003295 /* Release */,
			);
			defaultConfigurationIsVisible = 0;
			defaultConfigurationName = Release;
		};
		A1CB11C31AD75D5F00003295 /* Build configuration list for PBXNativeTarget "涂鸦画线" */ = {
			isa = XCConfigurationList;
			buildConfigurations = (
				A1CB11C41AD75D5F00003295 /* Debug */,
				A1CB11C51AD75D5F00003295 /* Release */,
			);
			defaultConfigurationIsVisible = 0;
		};
		A1CB11C61AD75D5F00003295 /* Build configuration list for PBXNativeTarget "涂鸦画线Tests" */ = {
			isa = XCConfigurationList;
			buildConfigurations = (
				A1CB11C71AD75D5F00003295 /* Debug */,
				A1CB11C81AD75D5F00003295 /* Release */,
			);
			defaultConfigurationIsVisible = 0;
		};
/* End XCConfigurationList section */
	};
	rootObject = A1CB11981AD75D5E00003295 /* Project object */;
}
